// !$*UTF8*$!
{
	archiveVersion = 1;
	classes = {
	};
	objectVersion = 56;
	objects = {

/* Begin PBXBuildFile section */
		E03F6A682996887000367709 /* Pokemon.swift in Sources */ = {isa = PBXBuildFile; fileRef = E03F6A672996887000367709 /* Pokemon.swift */; };
		E0C395F229957BB400F7CD13 /* AppDelegate.swift in Sources */ = {isa = PBXBuildFile; fileRef = E0C395F129957BB400F7CD13 /* AppDelegate.swift */; };
		E0C395F429957BB400F7CD13 /* SceneDelegate.swift in Sources */ = {isa = PBXBuildFile; fileRef = E0C395F329957BB400F7CD13 /* SceneDelegate.swift */; };
		E0C395F629957BB400F7CD13 /* ViewController.swift in Sources */ = {isa = PBXBuildFile; fileRef = E0C395F529957BB400F7CD13 /* ViewController.swift */; };
		E0C395F929957BB400F7CD13 /* Main.storyboard in Resources */ = {isa = PBXBuildFile; fileRef = E0C395F729957BB400F7CD13 /* Main.storyboard */; };
		E0C395FB29957BB500F7CD13 /* Assets.xcassets in Resources */ = {isa = PBXBuildFile; fileRef = E0C395FA29957BB500F7CD13 /* Assets.xcassets */; };
		E0C395FE29957BB500F7CD13 /* LaunchScreen.storyboard in Resources */ = {isa = PBXBuildFile; fileRef = E0C395FC29957BB500F7CD13 /* LaunchScreen.storyboard */; };
		E0C4ABCC299C0C00007A4D58 /* Network.swift in Sources */ = {isa = PBXBuildFile; fileRef = E0C4ABCB299C0C00007A4D58 /* Network.swift */; };
		E0C4ABCE299C0DBF007A4D58 /* NetworkError.swift in Sources */ = {isa = PBXBuildFile; fileRef = E0C4ABCD299C0DBF007A4D58 /* NetworkError.swift */; };
/* End PBXBuildFile section */

/* Begin PBXFileReference section */
		E03F6A672996887000367709 /* Pokemon.swift */ = {isa = PBXFileReference; lastKnownFileType = sourcecode.swift; path = Pokemon.swift; sourceTree = "<group>"; };
		E0C395EE29957BB400F7CD13 /* PokemonRampUp.app */ = {isa = PBXFileReference; explicitFileType = wrapper.application; includeInIndex = 0; path = PokemonRampUp.app; sourceTree = BUILT_PRODUCTS_DIR; };
		E0C395F129957BB400F7CD13 /* AppDelegate.swift */ = {isa = PBXFileReference; lastKnownFileType = sourcecode.swift; path = AppDelegate.swift; sourceTree = "<group>"; };
		E0C395F329957BB400F7CD13 /* SceneDelegate.swift */ = {isa = PBXFileReference; lastKnownFileType = sourcecode.swift; path = SceneDelegate.swift; sourceTree = "<group>"; };
		E0C395F529957BB400F7CD13 /* ViewController.swift */ = {isa = PBXFileReference; lastKnownFileType = sourcecode.swift; path = ViewController.swift; sourceTree = "<group>"; };
		E0C395F829957BB400F7CD13 /* Base */ = {isa = PBXFileReference; lastKnownFileType = file.storyboard; name = Base; path = Base.lproj/Main.storyboard; sourceTree = "<group>"; };
		E0C395FA29957BB500F7CD13 /* Assets.xcassets */ = {isa = PBXFileReference; lastKnownFileType = folder.assetcatalog; path = Assets.xcassets; sourceTree = "<group>"; };
		E0C395FD29957BB500F7CD13 /* Base */ = {isa = PBXFileReference; lastKnownFileType = file.storyboard; name = Base; path = Base.lproj/LaunchScreen.storyboard; sourceTree = "<group>"; };
		E0C395FF29957BB500F7CD13 /* Info.plist */ = {isa = PBXFileReference; lastKnownFileType = text.plist.xml; path = Info.plist; sourceTree = "<group>"; };
		E0C4ABCB299C0C00007A4D58 /* Network.swift */ = {isa = PBXFileReference; lastKnownFileType = sourcecode.swift; path = Network.swift; sourceTree = "<group>"; };
		E0C4ABCD299C0DBF007A4D58 /* NetworkError.swift */ = {isa = PBXFileReference; lastKnownFileType = sourcecode.swift; path = NetworkError.swift; sourceTree = "<group>"; };
/* End PBXFileReference section */

/* Begin PBXFrameworksBuildPhase section */
		E0C395EB29957BB400F7CD13 /* Frameworks */ = {
			isa = PBXFrameworksBuildPhase;
			buildActionMask = 2147483647;
			files = (
			);
			runOnlyForDeploymentPostprocessing = 0;
		};
/* End PBXFrameworksBuildPhase section */

/* Begin PBXGroup section */
		E03F6A662996886600367709 /* Model */ = {
			isa = PBXGroup;
			children = (
				E03F6A672996887000367709 /* Pokemon.swift */,
				E0C4ABCB299C0C00007A4D58 /* Network.swift */,
				E0C4ABCD299C0DBF007A4D58 /* NetworkError.swift */,
			);
			path = Model;
			sourceTree = "<group>";
		};
		E0C395E529957BB400F7CD13 = {
			isa = PBXGroup;
			children = (
				E0C395F029957BB400F7CD13 /* PokemonRampUp */,
				E0C395EF29957BB400F7CD13 /* Products */,
			);
			sourceTree = "<group>";
		};
		E0C395EF29957BB400F7CD13 /* Products */ = {
			isa = PBXGroup;
			children = (
				E0C395EE29957BB400F7CD13 /* PokemonRampUp.app */,
			);
			name = Products;
			sourceTree = "<group>";
		};
		E0C395F029957BB400F7CD13 /* PokemonRampUp */ = {
			isa = PBXGroup;
			children = (
				E03F6A662996886600367709 /* Model */,
				E0C395F129957BB400F7CD13 /* AppDelegate.swift */,
				E0C395F329957BB400F7CD13 /* SceneDelegate.swift */,
				E0C395F529957BB400F7CD13 /* ViewController.swift */,
				E0C395F729957BB400F7CD13 /* Main.storyboard */,
				E0C395FA29957BB500F7CD13 /* Assets.xcassets */,
				E0C395FC29957BB500F7CD13 /* LaunchScreen.storyboard */,
				E0C395FF29957BB500F7CD13 /* Info.plist */,
			);
			path = PokemonRampUp;
			sourceTree = "<group>";
		};
/* End PBXGroup section */

/* Begin PBXNativeTarget section */
		E0C395ED29957BB400F7CD13 /* PokemonRampUp */ = {
			isa = PBXNativeTarget;
			buildConfigurationList = E0C3960229957BB500F7CD13 /* Build configuration list for PBXNativeTarget "PokemonRampUp" */;
			buildPhases = (
				E0C395EA29957BB400F7CD13 /* Sources */,
				E0C395EB29957BB400F7CD13 /* Frameworks */,
				E0C395EC29957BB400F7CD13 /* Resources */,
			);
			buildRules = (
			);
			dependencies = (
			);
			name = PokemonRampUp;
			productName = PokemonRampUp;
			productReference = E0C395EE29957BB400F7CD13 /* PokemonRampUp.app */;
			productType = "com.apple.product-type.application";
		};
/* End PBXNativeTarget section */

/* Begin PBXProject section */
		E0C395E629957BB400F7CD13 /* Project object */ = {
			isa = PBXProject;
			attributes = {
				BuildIndependentTargetsInParallel = 1;
				LastSwiftUpdateCheck = 1410;
				LastUpgradeCheck = 1410;
				TargetAttributes = {
					E0C395ED29957BB400F7CD13 = {
						CreatedOnToolsVersion = 14.1;
					};
				};
			};
			buildConfigurationList = E0C395E929957BB400F7CD13 /* Build configuration list for PBXProject "PokemonRampUp" */;
			compatibilityVersion = "Xcode 14.0";
			developmentRegion = en;
			hasScannedForEncodings = 0;
			knownRegions = (
				en,
				Base,
			);
			mainGroup = E0C395E529957BB400F7CD13;
			productRefGroup = E0C395EF29957BB400F7CD13 /* Products */;
			projectDirPath = "";
			projectRoot = "";
			targets = (
				E0C395ED29957BB400F7CD13 /* PokemonRampUp */,
			);
		};
/* End PBXProject section */

/* Begin PBXResourcesBuildPhase section */
		E0C395EC29957BB400F7CD13 /* Resources */ = {
			isa = PBXResourcesBuildPhase;
			buildActionMask = 2147483647;
			files = (
				E0C395FE29957BB500F7CD13 /* LaunchScreen.storyboard in Resources */,
				E0C395FB29957BB500F7CD13 /* Assets.xcassets in Resources */,
				E0C395F929957BB400F7CD13 /* Main.storyboard in Resources */,
			);
			runOnlyForDeploymentPostprocessing = 0;
		};
/* End PBXResourcesBuildPhase section */

/* Begin PBXSourcesBuildPhase section */
		E0C395EA29957BB400F7CD13 /* Sources */ = {
			isa = PBXSourcesBuildPhase;
			buildActionMask = 2147483647;
			files = (
				E0C4ABCC299C0C00007A4D58 /* Network.swift in Sources */,
				E0C395F629957BB400F7CD13 /* ViewController.swift in Sources */,
				E03F6A682996887000367709 /* Pokemon.swift in Sources */,
				E0C4ABCE299C0DBF007A4D58 /* NetworkError.swift in Sources */,
				E0C395F229957BB400F7CD13 /* AppDelegate.swift in Sources */,
				E0C395F429957BB400F7CD13 /* SceneDelegate.swift in Sources */,
			);
			runOnlyForDeploymentPostprocessing = 0;
		};
/* End PBXSourcesBuildPhase section */

/* Begin PBXVariantGroup section */
		E0C395F729957BB400F7CD13 /* Main.storyboard */ = {
			isa = PBXVariantGroup;
			children = (
				E0C395F829957BB400F7CD13 /* Base */,
			);
			name = Main.storyboard;
			sourceTree = "<group>";
		};
		E0C395FC29957BB500F7CD13 /* LaunchScreen.storyboard */ = {
			isa = PBXVariantGroup;
			children = (
				E0C395FD29957BB500F7CD13 /* Base */,
			);
			name = LaunchScreen.storyboard;
			sourceTree = "<group>";
		};
/* End PBXVariantGroup section */

/* Begin XCBuildConfiguration section */
		E0C3960029957BB500F7CD13 /* Debug */ = {
			isa = XCBuildConfiguration;
			buildSettings = {
				ALWAYS_SEARCH_USER_PATHS = NO;
				CLANG_ANALYZER_NONNULL = YES;
				CLANG_ANALYZER_NUMBER_OBJECT_CONVERSION = YES_AGGRESSIVE;
				CLANG_CXX_LANGUAGE_STANDARD = "gnu++20";
				CLANG_ENABLE_MODULES = YES;
				CLANG_ENABLE_OBJC_ARC = YES;
				CLANG_ENABLE_OBJC_WEAK = YES;
				CLANG_WARN_BLOCK_CAPTURE_AUTORELEASING = YES;
				CLANG_WARN_BOOL_CONVERSION = YES;
				CLANG_WARN_COMMA = YES;
				CLANG_WARN_CONSTANT_CONVERSION = YES;
				CLANG_WARN_DEPRECATED_OBJC_IMPLEMENTATIONS = YES;
				CLANG_WARN_DIRECT_OBJC_ISA_USAGE = YES_ERROR;
				CLANG_WARN_DOCUMENTATION_COMMENTS = YES;
				CLANG_WARN_EMPTY_BODY = YES;
				CLANG_WARN_ENUM_CONVERSION = YES;
				CLANG_WARN_INFINITE_RECURSION = YES;
				CLANG_WARN_INT_CONVERSION = YES;
				CLANG_WARN_NON_LITERAL_NULL_CONVERSION = YES;
				CLANG_WARN_OBJC_IMPLICIT_RETAIN_SELF = YES;
				CLANG_WARN_OBJC_LITERAL_CONVERSION = YES;
				CLANG_WARN_OBJC_ROOT_CLASS = YES_ERROR;
				CLANG_WARN_QUOTED_INCLUDE_IN_FRAMEWORK_HEADER = YES;
				CLANG_WARN_RANGE_LOOP_ANALYSIS = YES;
				CLANG_WARN_STRICT_PROTOTYPES = YES;
				CLANG_WARN_SUSPICIOUS_MOVE = YES;
				CLANG_WARN_UNGUARDED_AVAILABILITY = YES_AGGRESSIVE;
				CLANG_WARN_UNREACHABLE_CODE = YES;
				CLANG_WARN__DUPLICATE_METHOD_MATCH = YES;
				COPY_PHASE_STRIP = NO;
				DEBUG_INFORMATION_FORMAT = dwarf;
				ENABLE_STRICT_OBJC_MSGSEND = YES;
				ENABLE_TESTABILITY = YES;
				GCC_C_LANGUAGE_STANDARD = gnu11;
				GCC_DYNAMIC_NO_PIC = NO;
				GCC_NO_COMMON_BLOCKS = YES;
				GCC_OPTIMIZATION_LEVEL = 0;
				GCC_PREPROCESSOR_DEFINITIONS = (
					"DEBUG=1",
					"$(inherited)",
				);
				GCC_WARN_64_TO_32_BIT_CONVERSION = YES;
				GCC_WARN_ABOUT_RETURN_TYPE = YES_ERROR;
				GCC_WARN_UNDECLARED_SELECTOR = YES;
				GCC_WARN_UNINITIALIZED_AUTOS = YES_AGGRESSIVE;
				GCC_WARN_UNUSED_FUNCTION = YES;
				GCC_WARN_UNUSED_VARIABLE = YES;
				IPHONEOS_DEPLOYMENT_TARGET = 16.1;
				MTL_ENABLE_DEBUG_INFO = INCLUDE_SOURCE;
				MTL_FAST_MATH = YES;
				ONLY_ACTIVE_ARCH = YES;
				SDKROOT = iphoneos;
				SWIFT_ACTIVE_COMPILATION_CONDITIONS = DEBUG;
				SWIFT_OPTIMIZATION_LEVEL = "-Onone";
			};
			name = Debug;
		};
		E0C3960129957BB500F7CD13 /* Release */ = {
			isa = XCBuildConfiguration;
			buildSettings = {
				ALWAYS_SEARCH_USER_PATHS = NO;
				CLANG_ANALYZER_NONNULL = YES;
				CLANG_ANALYZER_NUMBER_OBJECT_CONVERSION = YES_AGGRESSIVE;
				CLANG_CXX_LANGUAGE_STANDARD = "gnu++20";
				CLANG_ENABLE_MODULES = YES;
				CLANG_ENABLE_OBJC_ARC = YES;
				CLANG_ENABLE_OBJC_WEAK = YES;
				CLANG_WARN_BLOCK_CAPTURE_AUTORELEASING = YES;
				CLANG_WARN_BOOL_CONVERSION = YES;
				CLANG_WARN_COMMA = YES;
				CLANG_WARN_CONSTANT_CONVERSION = YES;
				CLANG_WARN_DEPRECATED_OBJC_IMPLEMENTATIONS = YES;
				CLANG_WARN_DIRECT_OBJC_ISA_USAGE = YES_ERROR;
				CLANG_WARN_DOCUMENTATION_COMMENTS = YES;
				CLANG_WARN_EMPTY_BODY = YES;
				CLANG_WARN_ENUM_CONVERSION = YES;
				CLANG_WARN_INFINITE_RECURSION = YES;
				CLANG_WARN_INT_CONVERSION = YES;
				CLANG_WARN_NON_LITERAL_NULL_CONVERSION = YES;
				CLANG_WARN_OBJC_IMPLICIT_RETAIN_SELF = YES;
				CLANG_WARN_OBJC_LITERAL_CONVERSION = YES;
				CLANG_WARN_OBJC_ROOT_CLASS = YES_ERROR;
				CLANG_WARN_QUOTED_INCLUDE_IN_FRAMEWORK_HEADER = YES;
				CLANG_WARN_RANGE_LOOP_ANALYSIS = YES;
				CLANG_WARN_STRICT_PROTOTYPES = YES;
				CLANG_WARN_SUSPICIOUS_MOVE = YES;
				CLANG_WARN_UNGUARDED_AVAILABILITY = YES_AGGRESSIVE;
				CLANG_WARN_UNREACHABLE_CODE = YES;
				CLANG_WARN__DUPLICATE_METHOD_MATCH = YES;
				COPY_PHASE_STRIP = NO;
				DEBUG_INFORMATION_FORMAT = "dwarf-with-dsym";
				ENABLE_NS_ASSERTIONS = NO;
				ENABLE_STRICT_OBJC_MSGSEND = YES;
				GCC_C_LANGUAGE_STANDARD = gnu11;
				GCC_NO_COMMON_BLOCKS = YES;
				GCC_WARN_64_TO_32_BIT_CONVERSION = YES;
				GCC_WARN_ABOUT_RETURN_TYPE = YES_ERROR;
				GCC_WARN_UNDECLARED_SELECTOR = YES;
				GCC_WARN_UNINITIALIZED_AUTOS = YES_AGGRESSIVE;
				GCC_WARN_UNUSED_FUNCTION = YES;
				GCC_WARN_UNUSED_VARIABLE = YES;
				IPHONEOS_DEPLOYMENT_TARGET = 16.1;
				MTL_ENABLE_DEBUG_INFO = NO;
				MTL_FAST_MATH = YES;
				SDKROOT = iphoneos;
				SWIFT_COMPILATION_MODE = wholemodule;
				SWIFT_OPTIMIZATION_LEVEL = "-O";
				VALIDATE_PRODUCT = YES;
			};
			name = Release;
		};
		E0C3960329957BB500F7CD13 /* Debug */ = {
			isa = XCBuildConfiguration;
			buildSettings = {
				ASSETCATALOG_COMPILER_APPICON_NAME = AppIcon;
				ASSETCATALOG_COMPILER_GLOBAL_ACCENT_COLOR_NAME = AccentColor;
				CODE_SIGN_STYLE = Automatic;
				CURRENT_PROJECT_VERSION = 1;
				GENERATE_INFOPLIST_FILE = YES;
				INFOPLIST_FILE = PokemonRampUp/Info.plist;
				INFOPLIST_KEY_UIApplicationSupportsIndirectInputEvents = YES;
				INFOPLIST_KEY_UILaunchStoryboardName = LaunchScreen;
				INFOPLIST_KEY_UIMainStoryboardFile = Main;
				INFOPLIST_KEY_UISupportedInterfaceOrientations_iPad = "UIInterfaceOrientationPortrait UIInterfaceOrientationPortraitUpsideDown UIInterfaceOrientationLandscapeLeft UIInterfaceOrientationLandscapeRight";
				INFOPLIST_KEY_UISupportedInterfaceOrientations_iPhone = "UIInterfaceOrientationPortrait UIInterfaceOrientationLandscapeLeft UIInterfaceOrientationLandscapeRight";
				LD_RUNPATH_SEARCH_PATHS = (
					"$(inherited)",
					"@executable_path/Frameworks",
				);
				MARKETING_VERSION = 1.0;
				PRODUCT_BUNDLE_IDENTIFIER = com.arriyam.pokemonrampup.PokemonRampUp;
				PRODUCT_NAME = "$(TARGET_NAME)";
				SWIFT_EMIT_LOC_STRINGS = YES;
				SWIFT_VERSION = 5.0;
				TARGETED_DEVICE_FAMILY = "1,2";
			};
			name = Debug;
		};
		E0C3960429957BB500F7CD13 /* Release */ = {
			isa = XCBuildConfiguration;
			buildSettings = {
				ASSETCATALOG_COMPILER_APPICON_NAME = AppIcon;
				ASSETCATALOG_COMPILER_GLOBAL_ACCENT_COLOR_NAME = AccentColor;
				CODE_SIGN_STYLE = Automatic;
				CURRENT_PROJECT_VERSION = 1;
				GENERATE_INFOPLIST_FILE = YES;
				INFOPLIST_FILE = PokemonRampUp/Info.plist;
				INFOPLIST_KEY_UIApplicationSupportsIndirectInputEvents = YES;
				INFOPLIST_KEY_UILaunchStoryboardName = LaunchScreen;
				INFOPLIST_KEY_UIMainStoryboardFile = Main;
				INFOPLIST_KEY_UISupportedInterfaceOrientations_iPad = "UIInterfaceOrientationPortrait UIInterfaceOrientationPortraitUpsideDown UIInterfaceOrientationLandscapeLeft UIInterfaceOrientationLandscapeRight";
				INFOPLIST_KEY_UISupportedInterfaceOrientations_iPhone = "UIInterfaceOrientationPortrait UIInterfaceOrientationLandscapeLeft UIInterfaceOrientationLandscapeRight";
				LD_RUNPATH_SEARCH_PATHS = (
					"$(inherited)",
					"@executable_path/Frameworks",
				);
				MARKETING_VERSION = 1.0;
				PRODUCT_BUNDLE_IDENTIFIER = com.arriyam.pokemonrampup.PokemonRampUp;
				PRODUCT_NAME = "$(TARGET_NAME)";
				SWIFT_EMIT_LOC_STRINGS = YES;
				SWIFT_VERSION = 5.0;
				TARGETED_DEVICE_FAMILY = "1,2";
			};
			name = Release;
		};
/* End XCBuildConfiguration section */

/* Begin XCConfigurationList section */
		E0C395E929957BB400F7CD13 /* Build configuration list for PBXProject "PokemonRampUp" */ = {
			isa = XCConfigurationList;
			buildConfigurations = (
				E0C3960029957BB500F7CD13 /* Debug */,
				E0C3960129957BB500F7CD13 /* Release */,
			);
			defaultConfigurationIsVisible = 0;
			defaultConfigurationName = Release;
		};
		E0C3960229957BB500F7CD13 /* Build configuration list for PBXNativeTarget "PokemonRampUp" */ = {
			isa = XCConfigurationList;
			buildConfigurations = (
				E0C3960329957BB500F7CD13 /* Debug */,
				E0C3960429957BB500F7CD13 /* Release */,
			);
			defaultConfigurationIsVisible = 0;
			defaultConfigurationName = Release;
		};
/* End XCConfigurationList section */
	};
	rootObject = E0C395E629957BB400F7CD13 /* Project object */;
}
